github.com/issue9/assert v1.3.1 h1:L8pRpbnzMIPFJqrMKR/oG03uWrtVeZyYBpI2U2Jx1JE=
github.com/issue9/assert v1.3.1/go.mod h1:9Ger+iz8X7r1zMYYwEhh++2wMGWcNN2oVI+zIQXxcio=
github.com/issue9/conv v1.0.1 h1:e1dYobyqgwfOj6vZWDtg58jc6phBPECItO2WMkyH30k=
github.com/issue9/conv v1.0.1/go.mod h1:M138h5s3gCoPW5H8EyB5LJLjHVhKMJPqKS3vPWDHtvk=
