github.com/issue9/assert v1.4.1 h1:gUtOpMTeaE4JTe9kACma5foOHBvVt1p5XTFrULDwdXI=
github.com/issue9/assert v1.4.1/go.mod h1:Yktk83hAVl1SPSYtd9kjhBizuiBIqUQyj+D5SE2yjVY=
github.com/issue9/conv v1.2.1 h1:bSRC6p0eSJqwtnN2yk04ct4F556y8i+TdiUiBvN+KdA=
github.com/issue9/conv v1.2.1/go.mod h1:rxUsUvpb1/3rZt0Uf/UtEC6BogEO2BV3bCWbh2DORp8=
github.com/issue9/sliceutil v0.6.0 h1:qff0GiuTf5ThPfm+Vgp3+XDzAiHA3o98Dlx/TU7Gj8w=
github.com/issue9/sliceutil v0.6.0/go.mod h1:FUxZQC4oEw6V46afC+JOdCjOv84BA6WBNQRYGS9V4Dg=
github.com/issue9/validation v0.3.1 h1:fEOrIiSup7zRdudfnjrVdhOgkNW4SiA6jJtjg+Iqz2A=
github.com/issue9/validation v0.3.1/go.mod h1:dzPsgMtC/Zh0M3N9PrxnvbWpr3uGrreEU2cpOMlZqHo=
golang.org/x/text v0.3.6 h1:aRYxNxv6iGQlyVaZmk6ZgYEDa+Jg18DxebPSrd6bg1M=
golang.org/x/text v0.3.6/go.mod h1:5Zoc/QRtKVWzQhOtBMvqHzDpF6irO9z98xDceosuGiQ=
golang.org/x/tools v0.0.0-20180917221912-90fa682c2a6e/go.mod h1:n7NCudcB/nEzxVGmLbDWY5pfWTLqBcC2KZ6jyYvM4mQ=
