github.com/issue9/assert/v3 v3.0.4 h1:WsYZQ6PQmM/pGFrbkn5GIXjWeVZHv+wcl2829UTX1Qc=
github.com/issue9/assert/v3 v3.0.4/go.mod h1:yft/uaskRpwQTyBT3n1zRl91SR1wNlO4fLZHzOa4bdM=
github.com/issue9/conv v1.3.4 h1:v1j/p1lVNW4u1yrbUxxNCb61iTFnF86s+KAwS65MsBs=
github.com/issue9/conv v1.3.4/go.mod h1:TXM2DyyJhzZMSwp9cxwFW/OhP5JRVZPMg5XE8OMzwUY=
